
Microsoft Visual Studio Solution File, Format Version 12.00
# Visual Studio Version 16
VisualStudioVersion = 16.0.35229.62
MinimumVisualStudioVersion = 10.0.40219.1
Project("{C9674DCB-5085-4A16-B785-4C70DD1589BD}") = "ETL", "ETL\ETL.dtproj", "{C3597442-297E-45BE-8E61-98BC8542C51E}"
EndProject
Global
	GlobalSection(SolutionConfigurationPlatforms) = preSolution
		Development|Default = Development|Default
	EndGlobalSection
	GlobalSection(ProjectConfigurationPlatforms) = postSolution
		{C3597442-297E-45BE-8E61-98BC8542C51E}.Development|Default.ActiveCfg = Development
		{C3597442-297E-45BE-8E61-98BC8542C51E}.Development|Default.Build.0 = Development
	EndGlobalSection
	GlobalSection(SolutionProperties) = preSolution
		HideSolutionNode = FALSE
	EndGlobalSection
	GlobalSection(ExtensibilityGlobals) = postSolution
		SolutionGuid = {AC9EDEC4-728F-4672-B40B-AE59DE29EC6F}
	EndGlobalSection
EndGlobal
